
Microsoft Visual Studio Solution File, Format Version 12.00
# Visual Studio 15
VisualStudioVersion = 15.0.28010.2016
MinimumVisualStudioVersion = 10.0.40219.1
Project("{CF123CF3-45B4-3FD7-96E9-A5194B39EB02}") = "TestProject", "TestProject.booproj", "{C6FE3C51-4E1F-4420-A342-7AE870976460}"
EndProject
Project("{FAE04EC0-301F-11D3-BF4B-00C04F79EFBC}") = "ConsoleAppTest", "ConsoleAppTest\ConsoleAppTest.csproj", "{5137B035-B54B-4135-8438-1E92C2CAE0B6}"
EndProject
Global
	GlobalSection(SolutionConfigurationPlatforms) = preSolution
		Debug|Any CPU = Debug|Any CPU
		Release|Any CPU = Release|Any CPU
	EndGlobalSection
	GlobalSection(ProjectConfigurationPlatforms) = postSolution
		{C6FE3C51-4E1F-4420-A342-7AE870976460}.Debug|Any CPU.ActiveCfg = Debug|Any CPU
		{C6FE3C51-4E1F-4420-A342-7AE870976460}.Debug|Any CPU.Build.0 = Debug|Any CPU
		{C6FE3C51-4E1F-4420-A342-7AE870976460}.Release|Any CPU.ActiveCfg = Release|Any CPU
		{C6FE3C51-4E1F-4420-A342-7AE870976460}.Release|Any CPU.Build.0 = Release|Any CPU
		{5137B035-B54B-4135-8438-1E92C2CAE0B6}.Debug|Any CPU.ActiveCfg = Debug|Any CPU
		{5137B035-B54B-4135-8438-1E92C2CAE0B6}.Debug|Any CPU.Build.0 = Debug|Any CPU
		{5137B035-B54B-4135-8438-1E92C2CAE0B6}.Release|Any CPU.ActiveCfg = Release|Any CPU
		{5137B035-B54B-4135-8438-1E92C2CAE0B6}.Release|Any CPU.Build.0 = Release|Any CPU
	EndGlobalSection
	GlobalSection(SolutionProperties) = preSolution
		HideSolutionNode = FALSE
	EndGlobalSection
	GlobalSection(ExtensibilityGlobals) = postSolution
		SolutionGuid = {CC8FAE32-F876-4BD6-BE9D-557CEF8497D7}
	EndGlobalSection
EndGlobal
